
Microsoft Visual Studio Solution File, Format Version 12.00
# Visual Studio Version 17
VisualStudioVersion = 17.0.31903.59
MinimumVisualStudioVersion = 10.0.40219.1
Project("{2150E333-8FDC-42A3-9474-1A3956D46DE8}") = "building-blocks", "building-blocks", "{31CBEB51-93DC-9CA1-DA8D-67643319BEE1}"
EndProject
Project("{FAE04EC0-301F-11D3-BF4B-00C04F79EFBC}") = "KiteFlow.BuildingBlocks", "building-blocks\KiteFlow.BuildingBlocks\KiteFlow.BuildingBlocks.csproj", "{3DCFB518-88D3-4B39-938F-A06DE7838C4A}"
EndProject
Project("{2150E333-8FDC-42A3-9474-1A3956D46DE8}") = "gateway", "gateway", "{E7BDDBC6-9FD1-D1D7-ACD8-2C4F8E3D2461}"
EndProject
Project("{FAE04EC0-301F-11D3-BF4B-00C04F79EFBC}") = "KiteFlow.Gateway", "gateway\KiteFlow.Gateway\KiteFlow.Gateway.csproj", "{084DD9CA-CA83-4602-8072-2952A6DE9B8A}"
EndProject
Project("{2150E333-8FDC-42A3-9474-1A3956D46DE8}") = "services", "services", "{5854FF58-B8C5-05C6-5BF2-ACE42193F22B}"
EndProject
Project("{2150E333-8FDC-42A3-9474-1A3956D46DE8}") = "Identity", "Identity", "{357A7C97-5AE1-023F-1442-0D9F9AF22A31}"
EndProject
Project("{FAE04EC0-301F-11D3-BF4B-00C04F79EFBC}") = "KiteFlow.Services.Identity.Api", "services\Identity\KiteFlow.Services.Identity.Api\KiteFlow.Services.Identity.Api.csproj", "{D6075F67-3DEF-4063-9549-7DAF437AF193}"
EndProject
Project("{2150E333-8FDC-42A3-9474-1A3956D46DE8}") = "Schools", "Schools", "{F4EBFC0B-B70E-9AED-2961-B38468A5B430}"
EndProject
Project("{FAE04EC0-301F-11D3-BF4B-00C04F79EFBC}") = "KiteFlow.Services.Schools.Api", "services\Schools\KiteFlow.Services.Schools.Api\KiteFlow.Services.Schools.Api.csproj", "{57E6FBB8-816D-4218-A634-F86BCC2A403D}"
EndProject
Project("{2150E333-8FDC-42A3-9474-1A3956D46DE8}") = "Academics", "Academics", "{13BEECE3-CADB-3009-8E0C-1189C9A828F5}"
EndProject
Project("{FAE04EC0-301F-11D3-BF4B-00C04F79EFBC}") = "KiteFlow.Services.Academics.Api", "services\Academics\KiteFlow.Services.Academics.Api\KiteFlow.Services.Academics.Api.csproj", "{9FCAF2CF-77AE-4E80-B116-AB9581A6A280}"
EndProject
Project("{2150E333-8FDC-42A3-9474-1A3956D46DE8}") = "Equipment", "Equipment", "{1EBDA7B6-0E65-62A0-5CCB-693A10255538}"
EndProject
Project("{FAE04EC0-301F-11D3-BF4B-00C04F79EFBC}") = "KiteFlow.Services.Equipment.Api", "services\Equipment\KiteFlow.Services.Equipment.Api\KiteFlow.Services.Equipment.Api.csproj", "{E0FCEFDA-4E04-4DD3-B913-46C718CC8C17}"
EndProject
Project("{2150E333-8FDC-42A3-9474-1A3956D46DE8}") = "Finance", "Finance", "{A3EB3B8E-A382-883F-4EF5-65D661ECE351}"
EndProject
Project("{FAE04EC0-301F-11D3-BF4B-00C04F79EFBC}") = "KiteFlow.Services.Finance.Api", "services\Finance\KiteFlow.Services.Finance.Api\KiteFlow.Services.Finance.Api.csproj", "{8E3D46ED-5648-470D-9EDC-081119C466CF}"
EndProject
Project("{2150E333-8FDC-42A3-9474-1A3956D46DE8}") = "Reporting", "Reporting", "{694370DE-EFDF-417D-2C0B-565E7EEF2A7A}"
EndProject
Project("{FAE04EC0-301F-11D3-BF4B-00C04F79EFBC}") = "KiteFlow.Services.Reporting.Api", "services\Reporting\KiteFlow.Services.Reporting.Api\KiteFlow.Services.Reporting.Api.csproj", "{80D8CAF9-C766-4227-BC11-CF47406519A5}"
EndProject
Global
	GlobalSection(SolutionConfigurationPlatforms) = preSolution
		Debug|Any CPU = Debug|Any CPU
		Debug|x64 = Debug|x64
		Debug|x86 = Debug|x86
		Release|Any CPU = Release|Any CPU
		Release|x64 = Release|x64
		Release|x86 = Release|x86
	EndGlobalSection
	GlobalSection(ProjectConfigurationPlatforms) = postSolution
		{3DCFB518-88D3-4B39-938F-A06DE7838C4A}.Debug|Any CPU.ActiveCfg = Debug|Any CPU
		{3DCFB518-88D3-4B39-938F-A06DE7838C4A}.Debug|Any CPU.Build.0 = Debug|Any CPU
		{3DCFB518-88D3-4B39-938F-A06DE7838C4A}.Debug|x64.ActiveCfg = Debug|Any CPU
		{3DCFB518-88D3-4B39-938F-A06DE7838C4A}.Debug|x64.Build.0 = Debug|Any CPU
		{3DCFB518-88D3-4B39-938F-A06DE7838C4A}.Debug|x86.ActiveCfg = Debug|Any CPU
		{3DCFB518-88D3-4B39-938F-A06DE7838C4A}.Debug|x86.Build.0 = Debug|Any CPU
		{3DCFB518-88D3-4B39-938F-A06DE7838C4A}.Release|Any CPU.ActiveCfg = Release|Any CPU
		{3DCFB518-88D3-4B39-938F-A06DE7838C4A}.Release|Any CPU.Build.0 = Release|Any CPU
		{3DCFB518-88D3-4B39-938F-A06DE7838C4A}.Release|x64.ActiveCfg = Release|Any CPU
		{3DCFB518-88D3-4B39-938F-A06DE7838C4A}.Release|x64.Build.0 = Release|Any CPU
		{3DCFB518-88D3-4B39-938F-A06DE7838C4A}.Release|x86.ActiveCfg = Release|Any CPU
		{3DCFB518-88D3-4B39-938F-A06DE7838C4A}.Release|x86.Build.0 = Release|Any CPU
		{084DD9CA-CA83-4602-8072-2952A6DE9B8A}.Debug|Any CPU.ActiveCfg = Debug|Any CPU
		{084DD9CA-CA83-4602-8072-2952A6DE9B8A}.Debug|Any CPU.Build.0 = Debug|Any CPU
		{084DD9CA-CA83-4602-8072-2952A6DE9B8A}.Debug|x64.ActiveCfg = Debug|Any CPU
		{084DD9CA-CA83-4602-8072-2952A6DE9B8A}.Debug|x64.Build.0 = Debug|Any CPU
		{084DD9CA-CA83-4602-8072-2952A6DE9B8A}.Debug|x86.ActiveCfg = Debug|Any CPU
		{084DD9CA-CA83-4602-8072-2952A6DE9B8A}.Debug|x86.Build.0 = Debug|Any CPU
		{084DD9CA-CA83-4602-8072-2952A6DE9B8A}.Release|Any CPU.ActiveCfg = Release|Any CPU
		{084DD9CA-CA83-4602-8072-2952A6DE9B8A}.Release|Any CPU.Build.0 = Release|Any CPU
		{084DD9CA-CA83-4602-8072-2952A6DE9B8A}.Release|x64.ActiveCfg = Release|Any CPU
		{084DD9CA-CA83-4602-8072-2952A6DE9B8A}.Release|x64.Build.0 = Release|Any CPU
		{084DD9CA-CA83-4602-8072-2952A6DE9B8A}.Release|x86.ActiveCfg = Release|Any CPU
		{084DD9CA-CA83-4602-8072-2952A6DE9B8A}.Release|x86.Build.0 = Release|Any CPU
		{D6075F67-3DEF-4063-9549-7DAF437AF193}.Debug|Any CPU.ActiveCfg = Debug|Any CPU
		{D6075F67-3DEF-4063-9549-7DAF437AF193}.Debug|Any CPU.Build.0 = Debug|Any CPU
		{D6075F67-3DEF-4063-9549-7DAF437AF193}.Debug|x64.ActiveCfg = Debug|Any CPU
		{D6075F67-3DEF-4063-9549-7DAF437AF193}.Debug|x64.Build.0 = Debug|Any CPU
		{D6075F67-3DEF-4063-9549-7DAF437AF193}.Debug|x86.ActiveCfg = Debug|Any CPU
		{D6075F67-3DEF-4063-9549-7DAF437AF193}.Debug|x86.Build.0 = Debug|Any CPU
		{D6075F67-3DEF-4063-9549-7DAF437AF193}.Release|Any CPU.ActiveCfg = Release|Any CPU
		{D6075F67-3DEF-4063-9549-7DAF437AF193}.Release|Any CPU.Build.0 = Release|Any CPU
		{D6075F67-3DEF-4063-9549-7DAF437AF193}.Release|x64.ActiveCfg = Release|Any CPU
		{D6075F67-3DEF-4063-9549-7DAF437AF193}.Release|x64.Build.0 = Release|Any CPU
		{D6075F67-3DEF-4063-9549-7DAF437AF193}.Release|x86.ActiveCfg = Release|Any CPU
		{D6075F67-3DEF-4063-9549-7DAF437AF193}.Release|x86.Build.0 = Release|Any CPU
		{57E6FBB8-816D-4218-A634-F86BCC2A403D}.Debug|Any CPU.ActiveCfg = Debug|Any CPU
		{57E6FBB8-816D-4218-A634-F86BCC2A403D}.Debug|Any CPU.Build.0 = Debug|Any CPU
		{57E6FBB8-816D-4218-A634-F86BCC2A403D}.Debug|x64.ActiveCfg = Debug|Any CPU
		{57E6FBB8-816D-4218-A634-F86BCC2A403D}.Debug|x64.Build.0 = Debug|Any CPU
		{57E6FBB8-816D-4218-A634-F86BCC2A403D}.Debug|x86.ActiveCfg = Debug|Any CPU
		{57E6FBB8-816D-4218-A634-F86BCC2A403D}.Debug|x86.Build.0 = Debug|Any CPU
		{57E6FBB8-816D-4218-A634-F86BCC2A403D}.Release|Any CPU.ActiveCfg = Release|Any CPU
		{57E6FBB8-816D-4218-A634-F86BCC2A403D}.Release|Any CPU.Build.0 = Release|Any CPU
		{57E6FBB8-816D-4218-A634-F86BCC2A403D}.Release|x64.ActiveCfg = Release|Any CPU
		{57E6FBB8-816D-4218-A634-F86BCC2A403D}.Release|x64.Build.0 = Release|Any CPU
		{57E6FBB8-816D-4218-A634-F86BCC2A403D}.Release|x86.ActiveCfg = Release|Any CPU
		{57E6FBB8-816D-4218-A634-F86BCC2A403D}.Release|x86.Build.0 = Release|Any CPU
		{9FCAF2CF-77AE-4E80-B116-AB9581A6A280}.Debug|Any CPU.ActiveCfg = Debug|Any CPU
		{9FCAF2CF-77AE-4E80-B116-AB9581A6A280}.Debug|Any CPU.Build.0 = Debug|Any CPU
		{9FCAF2CF-77AE-4E80-B116-AB9581A6A280}.Debug|x64.ActiveCfg = Debug|Any CPU
		{9FCAF2CF-77AE-4E80-B116-AB9581A6A280}.Debug|x64.Build.0 = Debug|Any CPU
		{9FCAF2CF-77AE-4E80-B116-AB9581A6A280}.Debug|x86.ActiveCfg = Debug|Any CPU
		{9FCAF2CF-77AE-4E80-B116-AB9581A6A280}.Debug|x86.Build.0 = Debug|Any CPU
		{9FCAF2CF-77AE-4E80-B116-AB9581A6A280}.Release|Any CPU.ActiveCfg = Release|Any CPU
		{9FCAF2CF-77AE-4E80-B116-AB9581A6A280}.Release|Any CPU.Build.0 = Release|Any CPU
		{9FCAF2CF-77AE-4E80-B116-AB9581A6A280}.Release|x64.ActiveCfg = Release|Any CPU
		{9FCAF2CF-77AE-4E80-B116-AB9581A6A280}.Release|x64.Build.0 = Release|Any CPU
		{9FCAF2CF-77AE-4E80-B116-AB9581A6A280}.Release|x86.ActiveCfg = Release|Any CPU
		{9FCAF2CF-77AE-4E80-B116-AB9581A6A280}.Release|x86.Build.0 = Release|Any CPU
		{E0FCEFDA-4E04-4DD3-B913-46C718CC8C17}.Debug|Any CPU.ActiveCfg = Debug|Any CPU
		{E0FCEFDA-4E04-4DD3-B913-46C718CC8C17}.Debug|Any CPU.Build.0 = Debug|Any CPU
		{E0FCEFDA-4E04-4DD3-B913-46C718CC8C17}.Debug|x64.ActiveCfg = Debug|Any CPU
		{E0FCEFDA-4E04-4DD3-B913-46C718CC8C17}.Debug|x64.Build.0 = Debug|Any CPU
		{E0FCEFDA-4E04-4DD3-B913-46C718CC8C17}.Debug|x86.ActiveCfg = Debug|Any CPU
		{E0FCEFDA-4E04-4DD3-B913-46C718CC8C17}.Debug|x86.Build.0 = Debug|Any CPU
		{E0FCEFDA-4E04-4DD3-B913-46C718CC8C17}.Release|Any CPU.ActiveCfg = Release|Any CPU
		{E0FCEFDA-4E04-4DD3-B913-46C718CC8C17}.Release|Any CPU.Build.0 = Release|Any CPU
		{E0FCEFDA-4E04-4DD3-B913-46C718CC8C17}.Release|x64.ActiveCfg = Release|Any CPU
		{E0FCEFDA-4E04-4DD3-B913-46C718CC8C17}.Release|x64.Build.0 = Release|Any CPU
		{E0FCEFDA-4E04-4DD3-B913-46C718CC8C17}.Release|x86.ActiveCfg = Release|Any CPU
		{E0FCEFDA-4E04-4DD3-B913-46C718CC8C17}.Release|x86.Build.0 = Release|Any CPU
		{8E3D46ED-5648-470D-9EDC-081119C466CF}.Debug|Any CPU.ActiveCfg = Debug|Any CPU
		{8E3D46ED-5648-470D-9EDC-081119C466CF}.Debug|Any CPU.Build.0 = Debug|Any CPU
		{8E3D46ED-5648-470D-9EDC-081119C466CF}.Debug|x64.ActiveCfg = Debug|Any CPU
		{8E3D46ED-5648-470D-9EDC-081119C466CF}.Debug|x64.Build.0 = Debug|Any CPU
		{8E3D46ED-5648-470D-9EDC-081119C466CF}.Debug|x86.ActiveCfg = Debug|Any CPU
		{8E3D46ED-5648-470D-9EDC-081119C466CF}.Debug|x86.Build.0 = Debug|Any CPU
		{8E3D46ED-5648-470D-9EDC-081119C466CF}.Release|Any CPU.ActiveCfg = Release|Any CPU
		{8E3D46ED-5648-470D-9EDC-081119C466CF}.Release|Any CPU.Build.0 = Release|Any CPU
		{8E3D46ED-5648-470D-9EDC-081119C466CF}.Release|x64.ActiveCfg = Release|Any CPU
		{8E3D46ED-5648-470D-9EDC-081119C466CF}.Release|x64.Build.0 = Release|Any CPU
		{8E3D46ED-5648-470D-9EDC-081119C466CF}.Release|x86.ActiveCfg = Release|Any CPU
		{8E3D46ED-5648-470D-9EDC-081119C466CF}.Release|x86.Build.0 = Release|Any CPU
		{80D8CAF9-C766-4227-BC11-CF47406519A5}.Debug|Any CPU.ActiveCfg = Debug|Any CPU
		{80D8CAF9-C766-4227-BC11-CF47406519A5}.Debug|Any CPU.Build.0 = Debug|Any CPU
		{80D8CAF9-C766-4227-BC11-CF47406519A5}.Debug|x64.ActiveCfg = Debug|Any CPU
		{80D8CAF9-C766-4227-BC11-CF47406519A5}.Debug|x64.Build.0 = Debug|Any CPU
		{80D8CAF9-C766-4227-BC11-CF47406519A5}.Debug|x86.ActiveCfg = Debug|Any CPU
		{80D8CAF9-C766-4227-BC11-CF47406519A5}.Debug|x86.Build.0 = Debug|Any CPU
		{80D8CAF9-C766-4227-BC11-CF47406519A5}.Release|Any CPU.ActiveCfg = Release|Any CPU
		{80D8CAF9-C766-4227-BC11-CF47406519A5}.Release|Any CPU.Build.0 = Release|Any CPU
		{80D8CAF9-C766-4227-BC11-CF47406519A5}.Release|x64.ActiveCfg = Release|Any CPU
		{80D8CAF9-C766-4227-BC11-CF47406519A5}.Release|x64.Build.0 = Release|Any CPU
		{80D8CAF9-C766-4227-BC11-CF47406519A5}.Release|x86.ActiveCfg = Release|Any CPU
		{80D8CAF9-C766-4227-BC11-CF47406519A5}.Release|x86.Build.0 = Release|Any CPU
	EndGlobalSection
	GlobalSection(SolutionProperties) = preSolution
		HideSolutionNode = FALSE
	EndGlobalSection
	GlobalSection(NestedProjects) = preSolution
		{3DCFB518-88D3-4B39-938F-A06DE7838C4A} = {31CBEB51-93DC-9CA1-DA8D-67643319BEE1}
		{084DD9CA-CA83-4602-8072-2952A6DE9B8A} = {E7BDDBC6-9FD1-D1D7-ACD8-2C4F8E3D2461}
		{357A7C97-5AE1-023F-1442-0D9F9AF22A31} = {5854FF58-B8C5-05C6-5BF2-ACE42193F22B}
		{D6075F67-3DEF-4063-9549-7DAF437AF193} = {357A7C97-5AE1-023F-1442-0D9F9AF22A31}
		{F4EBFC0B-B70E-9AED-2961-B38468A5B430} = {5854FF58-B8C5-05C6-5BF2-ACE42193F22B}
		{57E6FBB8-816D-4218-A634-F86BCC2A403D} = {F4EBFC0B-B70E-9AED-2961-B38468A5B430}
		{13BEECE3-CADB-3009-8E0C-1189C9A828F5} = {5854FF58-B8C5-05C6-5BF2-ACE42193F22B}
		{9FCAF2CF-77AE-4E80-B116-AB9581A6A280} = {13BEECE3-CADB-3009-8E0C-1189C9A828F5}
		{1EBDA7B6-0E65-62A0-5CCB-693A10255538} = {5854FF58-B8C5-05C6-5BF2-ACE42193F22B}
		{E0FCEFDA-4E04-4DD3-B913-46C718CC8C17} = {1EBDA7B6-0E65-62A0-5CCB-693A10255538}
		{A3EB3B8E-A382-883F-4EF5-65D661ECE351} = {5854FF58-B8C5-05C6-5BF2-ACE42193F22B}
		{8E3D46ED-5648-470D-9EDC-081119C466CF} = {A3EB3B8E-A382-883F-4EF5-65D661ECE351}
		{694370DE-EFDF-417D-2C0B-565E7EEF2A7A} = {5854FF58-B8C5-05C6-5BF2-ACE42193F22B}
		{80D8CAF9-C766-4227-BC11-CF47406519A5} = {694370DE-EFDF-417D-2C0B-565E7EEF2A7A}
	EndGlobalSection
EndGlobal
